
Microsoft Visual Studio Solution File, Format Version 12.00
Project("{FAE04EC0-301F-11D3-BF4B-00C04F79EFBC}") = "WebApp", "WebApp\WebApp.csproj", "{E25A7FF5-EB44-447B-9B8B-6AF75A0F6908}"
EndProject
Project("{FAE04EC0-301F-11D3-BF4B-00C04F79EFBC}") = "Domain.App", "Domain.App\Domain.App.csproj", "{86297DE7-CBDB-488D-BB51-F28BB11156A8}"
EndProject
Project("{FAE04EC0-301F-11D3-BF4B-00C04F79EFBC}") = "DAL.App.EF", "DAL.App.EF\DAL.App.EF.csproj", "{D978F6CD-E40F-4C9D-94D9-699D821ACAA8}"
EndProject
Project("{FAE04EC0-301F-11D3-BF4B-00C04F79EFBC}") = "Extensions", "Extensions\Extensions.csproj", "{BB43D341-7A20-485D-84B0-D077C70F41BF}"
EndProject
Project("{FAE04EC0-301F-11D3-BF4B-00C04F79EFBC}") = "Contracts.DAL.App", "Contracts.DAL.App\Contracts.DAL.App.csproj", "{EE205797-5E99-46DC-A81B-8AE305F4B51B}"
EndProject
Project("{2150E333-8FDC-42A3-9474-1A3956D46DE8}") = "_Solution Items", "_Solution Items", "{16CE0414-66D0-40DA-8B0F-B8E69E0222BD}"
ProjectSection(SolutionItems) = preProject
	README.md = README.md
	Directory.Build.props = Directory.Build.props
	.dockerignore = .dockerignore
	Dockerfile = Dockerfile
EndProjectSection
EndProject
Project("{FAE04EC0-301F-11D3-BF4B-00C04F79EFBC}") = "PublicApi.DTO.v1", "PublicApi.DTO.v1\PublicApi.DTO.v1.csproj", "{AD72A9E2-1D67-4822-A6EE-527D9297370A}"
EndProject
Project("{2150E333-8FDC-42A3-9474-1A3956D46DE8}") = "DAL", "DAL", "{4AE42C23-67D3-4543-9CEB-E382E745A0BE}"
EndProject
Project("{2150E333-8FDC-42A3-9474-1A3956D46DE8}") = "BLL", "BLL", "{7EA4AAD0-BC5A-4381-9204-A9119EBC8B5E}"
EndProject
Project("{FAE04EC0-301F-11D3-BF4B-00C04F79EFBC}") = "BLL.App", "BLL.App\BLL.App.csproj", "{BAA57E12-752D-42F6-92BE-E44F463B6AB0}"
EndProject
Project("{FAE04EC0-301F-11D3-BF4B-00C04F79EFBC}") = "Contracts.BLL.App", "Contracts.BLL.App\Contracts.BLL.App.csproj", "{A7018BF5-DE9F-49B0-BB34-28A1B5521490}"
EndProject
Project("{FAE04EC0-301F-11D3-BF4B-00C04F79EFBC}") = "DAL.App.DTO", "DAL.App.DTO\DAL.App.DTO.csproj", "{B6D70D4C-EEF3-46B2-B1A9-CA221F072FA0}"
EndProject
Project("{FAE04EC0-301F-11D3-BF4B-00C04F79EFBC}") = "BLL.App.DTO", "BLL.App.DTO\BLL.App.DTO.csproj", "{E5DB6FEB-5784-43A4-97F4-03C943DA9DB3}"
EndProject
Project("{2150E333-8FDC-42A3-9474-1A3956D46DE8}") = "DTO", "DTO", "{330BE6E9-66CA-4FC8-A447-18D694A2F1B1}"
EndProject
Project("{2150E333-8FDC-42A3-9474-1A3956D46DE8}") = "DOMAIN", "DOMAIN", "{CC178E11-6C96-4552-ADA5-FA22E69CA120}"
EndProject
Global
	GlobalSection(SolutionConfigurationPlatforms) = preSolution
		Debug|Any CPU = Debug|Any CPU
		Release|Any CPU = Release|Any CPU
	EndGlobalSection
	GlobalSection(ProjectConfigurationPlatforms) = postSolution
		{E25A7FF5-EB44-447B-9B8B-6AF75A0F6908}.Debug|Any CPU.ActiveCfg = Debug|Any CPU
		{E25A7FF5-EB44-447B-9B8B-6AF75A0F6908}.Debug|Any CPU.Build.0 = Debug|Any CPU
		{E25A7FF5-EB44-447B-9B8B-6AF75A0F6908}.Release|Any CPU.ActiveCfg = Release|Any CPU
		{E25A7FF5-EB44-447B-9B8B-6AF75A0F6908}.Release|Any CPU.Build.0 = Release|Any CPU
		{86297DE7-CBDB-488D-BB51-F28BB11156A8}.Debug|Any CPU.ActiveCfg = Debug|Any CPU
		{86297DE7-CBDB-488D-BB51-F28BB11156A8}.Debug|Any CPU.Build.0 = Debug|Any CPU
		{86297DE7-CBDB-488D-BB51-F28BB11156A8}.Release|Any CPU.ActiveCfg = Release|Any CPU
		{86297DE7-CBDB-488D-BB51-F28BB11156A8}.Release|Any CPU.Build.0 = Release|Any CPU
		{D978F6CD-E40F-4C9D-94D9-699D821ACAA8}.Debug|Any CPU.ActiveCfg = Debug|Any CPU
		{D978F6CD-E40F-4C9D-94D9-699D821ACAA8}.Debug|Any CPU.Build.0 = Debug|Any CPU
		{D978F6CD-E40F-4C9D-94D9-699D821ACAA8}.Release|Any CPU.ActiveCfg = Release|Any CPU
		{D978F6CD-E40F-4C9D-94D9-699D821ACAA8}.Release|Any CPU.Build.0 = Release|Any CPU
		{BB43D341-7A20-485D-84B0-D077C70F41BF}.Debug|Any CPU.ActiveCfg = Debug|Any CPU
		{BB43D341-7A20-485D-84B0-D077C70F41BF}.Debug|Any CPU.Build.0 = Debug|Any CPU
		{BB43D341-7A20-485D-84B0-D077C70F41BF}.Release|Any CPU.ActiveCfg = Release|Any CPU
		{BB43D341-7A20-485D-84B0-D077C70F41BF}.Release|Any CPU.Build.0 = Release|Any CPU
		{EE205797-5E99-46DC-A81B-8AE305F4B51B}.Debug|Any CPU.ActiveCfg = Debug|Any CPU
		{EE205797-5E99-46DC-A81B-8AE305F4B51B}.Debug|Any CPU.Build.0 = Debug|Any CPU
		{EE205797-5E99-46DC-A81B-8AE305F4B51B}.Release|Any CPU.ActiveCfg = Release|Any CPU
		{EE205797-5E99-46DC-A81B-8AE305F4B51B}.Release|Any CPU.Build.0 = Release|Any CPU
		{AD72A9E2-1D67-4822-A6EE-527D9297370A}.Debug|Any CPU.ActiveCfg = Debug|Any CPU
		{AD72A9E2-1D67-4822-A6EE-527D9297370A}.Debug|Any CPU.Build.0 = Debug|Any CPU
		{AD72A9E2-1D67-4822-A6EE-527D9297370A}.Release|Any CPU.ActiveCfg = Release|Any CPU
		{AD72A9E2-1D67-4822-A6EE-527D9297370A}.Release|Any CPU.Build.0 = Release|Any CPU
		{BAA57E12-752D-42F6-92BE-E44F463B6AB0}.Debug|Any CPU.ActiveCfg = Debug|Any CPU
		{BAA57E12-752D-42F6-92BE-E44F463B6AB0}.Debug|Any CPU.Build.0 = Debug|Any CPU
		{BAA57E12-752D-42F6-92BE-E44F463B6AB0}.Release|Any CPU.ActiveCfg = Release|Any CPU
		{BAA57E12-752D-42F6-92BE-E44F463B6AB0}.Release|Any CPU.Build.0 = Release|Any CPU
		{A7018BF5-DE9F-49B0-BB34-28A1B5521490}.Debug|Any CPU.ActiveCfg = Debug|Any CPU
		{A7018BF5-DE9F-49B0-BB34-28A1B5521490}.Debug|Any CPU.Build.0 = Debug|Any CPU
		{A7018BF5-DE9F-49B0-BB34-28A1B5521490}.Release|Any CPU.ActiveCfg = Release|Any CPU
		{A7018BF5-DE9F-49B0-BB34-28A1B5521490}.Release|Any CPU.Build.0 = Release|Any CPU
		{B6D70D4C-EEF3-46B2-B1A9-CA221F072FA0}.Debug|Any CPU.ActiveCfg = Debug|Any CPU
		{B6D70D4C-EEF3-46B2-B1A9-CA221F072FA0}.Debug|Any CPU.Build.0 = Debug|Any CPU
		{B6D70D4C-EEF3-46B2-B1A9-CA221F072FA0}.Release|Any CPU.ActiveCfg = Release|Any CPU
		{B6D70D4C-EEF3-46B2-B1A9-CA221F072FA0}.Release|Any CPU.Build.0 = Release|Any CPU
		{E5DB6FEB-5784-43A4-97F4-03C943DA9DB3}.Debug|Any CPU.ActiveCfg = Debug|Any CPU
		{E5DB6FEB-5784-43A4-97F4-03C943DA9DB3}.Debug|Any CPU.Build.0 = Debug|Any CPU
		{E5DB6FEB-5784-43A4-97F4-03C943DA9DB3}.Release|Any CPU.ActiveCfg = Release|Any CPU
		{E5DB6FEB-5784-43A4-97F4-03C943DA9DB3}.Release|Any CPU.Build.0 = Release|Any CPU
	EndGlobalSection
	GlobalSection(NestedProjects) = preSolution
		{EE205797-5E99-46DC-A81B-8AE305F4B51B} = {4AE42C23-67D3-4543-9CEB-E382E745A0BE}
		{D978F6CD-E40F-4C9D-94D9-699D821ACAA8} = {4AE42C23-67D3-4543-9CEB-E382E745A0BE}
		{BAA57E12-752D-42F6-92BE-E44F463B6AB0} = {7EA4AAD0-BC5A-4381-9204-A9119EBC8B5E}
		{A7018BF5-DE9F-49B0-BB34-28A1B5521490} = {7EA4AAD0-BC5A-4381-9204-A9119EBC8B5E}
		{B6D70D4C-EEF3-46B2-B1A9-CA221F072FA0} = {4AE42C23-67D3-4543-9CEB-E382E745A0BE}
		{E5DB6FEB-5784-43A4-97F4-03C943DA9DB3} = {7EA4AAD0-BC5A-4381-9204-A9119EBC8B5E}
		{AD72A9E2-1D67-4822-A6EE-527D9297370A} = {330BE6E9-66CA-4FC8-A447-18D694A2F1B1}
		{86297DE7-CBDB-488D-BB51-F28BB11156A8} = {CC178E11-6C96-4552-ADA5-FA22E69CA120}
	EndGlobalSection
EndGlobal
