
Microsoft Visual Studio Solution File, Format Version 12.00
Project("{FAE04EC0-301F-11D3-BF4B-00C04F79EFBC}") = "WebApp", "WebApp\WebApp.csproj", "{87DACDA0-53AD-4C3B-8B20-69811D82A912}"
EndProject
Project("{FAE04EC0-301F-11D3-BF4B-00C04F79EFBC}") = "Domain", "Domain\Domain.csproj", "{2B7657F7-524D-4C92-9C3C-169022AE95A1}"
EndProject
Project("{FAE04EC0-301F-11D3-BF4B-00C04F79EFBC}") = "DAL.App.EF", "DAL.App.EF\DAL.App.EF.csproj", "{83A67FE8-BDFC-480B-90D4-39BD94CD7498}"
EndProject
Project("{2150E333-8FDC-42A3-9474-1A3956D46DE8}") = "Solution Items", "Solution Items", "{31AC4A9A-A705-4B45-9AE2-9A0CDCE228A5}"
ProjectSection(SolutionItems) = preProject
	README.md = README.md
EndProjectSection
EndProject
Global
	GlobalSection(SolutionConfigurationPlatforms) = preSolution
		Debug|Any CPU = Debug|Any CPU
		Release|Any CPU = Release|Any CPU
	EndGlobalSection
	GlobalSection(ProjectConfigurationPlatforms) = postSolution
		{87DACDA0-53AD-4C3B-8B20-69811D82A912}.Debug|Any CPU.ActiveCfg = Debug|Any CPU
		{87DACDA0-53AD-4C3B-8B20-69811D82A912}.Debug|Any CPU.Build.0 = Debug|Any CPU
		{87DACDA0-53AD-4C3B-8B20-69811D82A912}.Release|Any CPU.ActiveCfg = Release|Any CPU
		{87DACDA0-53AD-4C3B-8B20-69811D82A912}.Release|Any CPU.Build.0 = Release|Any CPU
		{2B7657F7-524D-4C92-9C3C-169022AE95A1}.Debug|Any CPU.ActiveCfg = Debug|Any CPU
		{2B7657F7-524D-4C92-9C3C-169022AE95A1}.Debug|Any CPU.Build.0 = Debug|Any CPU
		{2B7657F7-524D-4C92-9C3C-169022AE95A1}.Release|Any CPU.ActiveCfg = Release|Any CPU
		{2B7657F7-524D-4C92-9C3C-169022AE95A1}.Release|Any CPU.Build.0 = Release|Any CPU
		{83A67FE8-BDFC-480B-90D4-39BD94CD7498}.Debug|Any CPU.ActiveCfg = Debug|Any CPU
		{83A67FE8-BDFC-480B-90D4-39BD94CD7498}.Debug|Any CPU.Build.0 = Debug|Any CPU
		{83A67FE8-BDFC-480B-90D4-39BD94CD7498}.Release|Any CPU.ActiveCfg = Release|Any CPU
		{83A67FE8-BDFC-480B-90D4-39BD94CD7498}.Release|Any CPU.Build.0 = Release|Any CPU
	EndGlobalSection
EndGlobal
