
Microsoft Visual Studio Solution File, Format Version 12.00
Project("{FAE04EC0-301F-11D3-BF4B-00C04F79EFBC}") = "WebApp", "WebApp\WebApp.csproj", "{00423CB1-6D72-420B-AC33-5D6FFE06CE98}"
EndProject
Project("{FAE04EC0-301F-11D3-BF4B-00C04F79EFBC}") = "Domain", "Domain\Domain.csproj", "{D50D29E1-148F-4C8D-874C-922E50388EE9}"
EndProject
Project("{FAE04EC0-301F-11D3-BF4B-00C04F79EFBC}") = "DAL.App.EF", "DAL.App.EF\DAL.App.EF.csproj", "{5FD0140E-C6E2-4B1A-8699-32EE69B463A9}"
EndProject
Project("{2150E333-8FDC-42A3-9474-1A3956D46DE8}") = "Solution Items", "Solution Items", "{6F436635-A55D-445C-9486-55314632CD4A}"
ProjectSection(SolutionItems) = preProject
	Directory.Build.props = Directory.Build.props
EndProjectSection
EndProject
Global
	GlobalSection(SolutionConfigurationPlatforms) = preSolution
		Debug|Any CPU = Debug|Any CPU
		Release|Any CPU = Release|Any CPU
	EndGlobalSection
	GlobalSection(ProjectConfigurationPlatforms) = postSolution
		{00423CB1-6D72-420B-AC33-5D6FFE06CE98}.Debug|Any CPU.ActiveCfg = Debug|Any CPU
		{00423CB1-6D72-420B-AC33-5D6FFE06CE98}.Release|Any CPU.ActiveCfg = Release|Any CPU
		{00423CB1-6D72-420B-AC33-5D6FFE06CE98}.Release|Any CPU.Build.0 = Release|Any CPU
		{00423CB1-6D72-420B-AC33-5D6FFE06CE98}.Debug|Any CPU.Build.0 = Debug|Any CPU
		{D50D29E1-148F-4C8D-874C-922E50388EE9}.Debug|Any CPU.ActiveCfg = Debug|Any CPU
		{D50D29E1-148F-4C8D-874C-922E50388EE9}.Release|Any CPU.ActiveCfg = Release|Any CPU
		{D50D29E1-148F-4C8D-874C-922E50388EE9}.Release|Any CPU.Build.0 = Release|Any CPU
		{D50D29E1-148F-4C8D-874C-922E50388EE9}.Debug|Any CPU.Build.0 = Debug|Any CPU
		{5FD0140E-C6E2-4B1A-8699-32EE69B463A9}.Debug|Any CPU.ActiveCfg = Debug|Any CPU
		{5FD0140E-C6E2-4B1A-8699-32EE69B463A9}.Debug|Any CPU.Build.0 = Debug|Any CPU
		{5FD0140E-C6E2-4B1A-8699-32EE69B463A9}.Release|Any CPU.ActiveCfg = Release|Any CPU
		{5FD0140E-C6E2-4B1A-8699-32EE69B463A9}.Release|Any CPU.Build.0 = Release|Any CPU
	EndGlobalSection
EndGlobal
