
Microsoft Visual Studio Solution File, Format Version 12.00
# Visual Studio Version 16
VisualStudioVersion = 16.0.29905.134
MinimumVisualStudioVersion = 10.0.40219.1
Project("{9A19103F-16F7-4668-BE54-9A1E7A4F7556}") = "WebApp", "WebApp\WebApp.csproj", "{B246B035-10A7-4329-95F7-02A12ABB0341}"
EndProject
Project("{9A19103F-16F7-4668-BE54-9A1E7A4F7556}") = "Domain", "Domain\Domain.csproj", "{E74066F3-3DC6-44A4-9021-F084A62105D4}"
EndProject
Project("{9A19103F-16F7-4668-BE54-9A1E7A4F7556}") = "DAL.App.EF", "DAL.App.EF\DAL.App.EF.csproj", "{F4E2CB39-92D5-4D43-8F77-5724AB6889CC}"
EndProject
Project("{2150E333-8FDC-42A3-9474-1A3956D46DE8}") = "_Solution Items", "_Solution Items", "{106D1228-800C-42DF-84FC-68ED8F992F04}"
ProjectSection(SolutionItems) = preProject
	README.md = README.md
EndProjectSection
EndProject
Project("{9A19103F-16F7-4668-BE54-9A1E7A4F7556}") = "Contracts.DAL.Base", "Contracts.DAL.Base\Contracts.DAL.Base.csproj", "{09788B7E-B53A-47B2-A90B-C3F58039C304}"
EndProject
Project("{9A19103F-16F7-4668-BE54-9A1E7A4F7556}") = "DAL.Base", "DAL.Base\DAL.Base.csproj", "{5264623A-9FF5-421E-81F5-16A7AD3E281B}"
EndProject
Project("{9A19103F-16F7-4668-BE54-9A1E7A4F7556}") = "Extensions", "Extensions\Extensions.csproj", "{8A64C6D7-C897-45CA-AEC6-33D10A68B746}"
EndProject
Project("{9A19103F-16F7-4668-BE54-9A1E7A4F7556}") = "DAL.Base.EF", "DAL.Base.EF\DAL.Base.EF.csproj", "{B01B900B-7340-4E72-B2D2-9E005177F427}"
EndProject
Project("{9A19103F-16F7-4668-BE54-9A1E7A4F7556}") = "Contracts.DAL.App", "Contracts.DAL.App\Contracts.DAL.App.csproj", "{E8C4053F-E461-4937-B675-0CD604CB011D}"
EndProject
Project("{9A19103F-16F7-4668-BE54-9A1E7A4F7556}") = "PublicApi.DTO.v1", "PublicApi.DTO.v1\PublicApi.DTO.v1.csproj", "{064F53CC-BB06-4FEF-9987-956D22C8CB86}"
EndProject
Project("{FAE04EC0-301F-11D3-BF4B-00C04F79EFBC}") = "Resources", "Resources\Resources.csproj", "{D36017B4-AD71-45DF-8EC6-D9338424EC74}"
EndProject
Project("{FAE04EC0-301F-11D3-BF4B-00C04F79EFBC}") = "Contracts.BLL.Base", "Contracts.BLL.Base\Contracts.BLL.Base.csproj", "{3D6113A1-56CF-4AAD-98BB-DB7F97B4E809}"
EndProject
Project("{FAE04EC0-301F-11D3-BF4B-00C04F79EFBC}") = "BLL.Base", "BLL.Base\BLL.Base.csproj", "{E227C66F-26C8-4F2F-9F5C-333C44BC6220}"
EndProject
Project("{2150E333-8FDC-42A3-9474-1A3956D46DE8}") = "DAL", "DAL", "{8B0FADDD-AC52-42E4-BF2D-2C532622DB75}"
EndProject
Project("{2150E333-8FDC-42A3-9474-1A3956D46DE8}") = "BLL", "BLL", "{289BD606-7E46-415F-A90D-3D9442113729}"
EndProject
Project("{FAE04EC0-301F-11D3-BF4B-00C04F79EFBC}") = "BLL.App", "BLL.App\BLL.App.csproj", "{50EB1C23-3097-46A0-927E-A579447105BE}"
EndProject
Project("{FAE04EC0-301F-11D3-BF4B-00C04F79EFBC}") = "Contracts.BLL.App", "Contracts.BLL.App\Contracts.BLL.App.csproj", "{CEB4B60B-3D45-47D5-9A7F-B38A52314D41}"
EndProject
Project("{FAE04EC0-301F-11D3-BF4B-00C04F79EFBC}") = "DAL.App.DTO", "DAL.App.DTO\DAL.App.DTO.csproj", "{2DA34762-A194-4B43-8D73-2B886CFB2620}"
EndProject
Project("{FAE04EC0-301F-11D3-BF4B-00C04F79EFBC}") = "BLL.App.DTO", "BLL.App.DTO\BLL.App.DTO.csproj", "{4760DDAB-E64D-4571-902D-69F8A28B2BBD}"
EndProject
Global
	GlobalSection(SolutionConfigurationPlatforms) = preSolution
		Debug|Any CPU = Debug|Any CPU
		Release|Any CPU = Release|Any CPU
	EndGlobalSection
	GlobalSection(ProjectConfigurationPlatforms) = postSolution
		{B246B035-10A7-4329-95F7-02A12ABB0341}.Debug|Any CPU.ActiveCfg = Debug|Any CPU
		{B246B035-10A7-4329-95F7-02A12ABB0341}.Debug|Any CPU.Build.0 = Debug|Any CPU
		{B246B035-10A7-4329-95F7-02A12ABB0341}.Release|Any CPU.ActiveCfg = Release|Any CPU
		{B246B035-10A7-4329-95F7-02A12ABB0341}.Release|Any CPU.Build.0 = Release|Any CPU
		{E74066F3-3DC6-44A4-9021-F084A62105D4}.Debug|Any CPU.ActiveCfg = Debug|Any CPU
		{E74066F3-3DC6-44A4-9021-F084A62105D4}.Debug|Any CPU.Build.0 = Debug|Any CPU
		{E74066F3-3DC6-44A4-9021-F084A62105D4}.Release|Any CPU.ActiveCfg = Release|Any CPU
		{E74066F3-3DC6-44A4-9021-F084A62105D4}.Release|Any CPU.Build.0 = Release|Any CPU
		{F4E2CB39-92D5-4D43-8F77-5724AB6889CC}.Debug|Any CPU.ActiveCfg = Debug|Any CPU
		{F4E2CB39-92D5-4D43-8F77-5724AB6889CC}.Debug|Any CPU.Build.0 = Debug|Any CPU
		{F4E2CB39-92D5-4D43-8F77-5724AB6889CC}.Release|Any CPU.ActiveCfg = Release|Any CPU
		{F4E2CB39-92D5-4D43-8F77-5724AB6889CC}.Release|Any CPU.Build.0 = Release|Any CPU
		{09788B7E-B53A-47B2-A90B-C3F58039C304}.Debug|Any CPU.ActiveCfg = Debug|Any CPU
		{09788B7E-B53A-47B2-A90B-C3F58039C304}.Debug|Any CPU.Build.0 = Debug|Any CPU
		{09788B7E-B53A-47B2-A90B-C3F58039C304}.Release|Any CPU.ActiveCfg = Release|Any CPU
		{09788B7E-B53A-47B2-A90B-C3F58039C304}.Release|Any CPU.Build.0 = Release|Any CPU
		{5264623A-9FF5-421E-81F5-16A7AD3E281B}.Debug|Any CPU.ActiveCfg = Debug|Any CPU
		{5264623A-9FF5-421E-81F5-16A7AD3E281B}.Debug|Any CPU.Build.0 = Debug|Any CPU
		{5264623A-9FF5-421E-81F5-16A7AD3E281B}.Release|Any CPU.ActiveCfg = Release|Any CPU
		{5264623A-9FF5-421E-81F5-16A7AD3E281B}.Release|Any CPU.Build.0 = Release|Any CPU
		{8A64C6D7-C897-45CA-AEC6-33D10A68B746}.Debug|Any CPU.ActiveCfg = Debug|Any CPU
		{8A64C6D7-C897-45CA-AEC6-33D10A68B746}.Debug|Any CPU.Build.0 = Debug|Any CPU
		{8A64C6D7-C897-45CA-AEC6-33D10A68B746}.Release|Any CPU.ActiveCfg = Release|Any CPU
		{8A64C6D7-C897-45CA-AEC6-33D10A68B746}.Release|Any CPU.Build.0 = Release|Any CPU
		{B01B900B-7340-4E72-B2D2-9E005177F427}.Debug|Any CPU.ActiveCfg = Debug|Any CPU
		{B01B900B-7340-4E72-B2D2-9E005177F427}.Debug|Any CPU.Build.0 = Debug|Any CPU
		{B01B900B-7340-4E72-B2D2-9E005177F427}.Release|Any CPU.ActiveCfg = Release|Any CPU
		{B01B900B-7340-4E72-B2D2-9E005177F427}.Release|Any CPU.Build.0 = Release|Any CPU
		{E8C4053F-E461-4937-B675-0CD604CB011D}.Debug|Any CPU.ActiveCfg = Debug|Any CPU
		{E8C4053F-E461-4937-B675-0CD604CB011D}.Debug|Any CPU.Build.0 = Debug|Any CPU
		{E8C4053F-E461-4937-B675-0CD604CB011D}.Release|Any CPU.ActiveCfg = Release|Any CPU
		{E8C4053F-E461-4937-B675-0CD604CB011D}.Release|Any CPU.Build.0 = Release|Any CPU
		{064F53CC-BB06-4FEF-9987-956D22C8CB86}.Debug|Any CPU.ActiveCfg = Debug|Any CPU
		{064F53CC-BB06-4FEF-9987-956D22C8CB86}.Debug|Any CPU.Build.0 = Debug|Any CPU
		{064F53CC-BB06-4FEF-9987-956D22C8CB86}.Release|Any CPU.ActiveCfg = Release|Any CPU
		{064F53CC-BB06-4FEF-9987-956D22C8CB86}.Release|Any CPU.Build.0 = Release|Any CPU
		{D36017B4-AD71-45DF-8EC6-D9338424EC74}.Debug|Any CPU.ActiveCfg = Debug|Any CPU
		{D36017B4-AD71-45DF-8EC6-D9338424EC74}.Debug|Any CPU.Build.0 = Debug|Any CPU
		{D36017B4-AD71-45DF-8EC6-D9338424EC74}.Release|Any CPU.ActiveCfg = Release|Any CPU
		{D36017B4-AD71-45DF-8EC6-D9338424EC74}.Release|Any CPU.Build.0 = Release|Any CPU
		{3D6113A1-56CF-4AAD-98BB-DB7F97B4E809}.Debug|Any CPU.ActiveCfg = Debug|Any CPU
		{3D6113A1-56CF-4AAD-98BB-DB7F97B4E809}.Debug|Any CPU.Build.0 = Debug|Any CPU
		{3D6113A1-56CF-4AAD-98BB-DB7F97B4E809}.Release|Any CPU.ActiveCfg = Release|Any CPU
		{3D6113A1-56CF-4AAD-98BB-DB7F97B4E809}.Release|Any CPU.Build.0 = Release|Any CPU
		{E227C66F-26C8-4F2F-9F5C-333C44BC6220}.Debug|Any CPU.ActiveCfg = Debug|Any CPU
		{E227C66F-26C8-4F2F-9F5C-333C44BC6220}.Debug|Any CPU.Build.0 = Debug|Any CPU
		{E227C66F-26C8-4F2F-9F5C-333C44BC6220}.Release|Any CPU.ActiveCfg = Release|Any CPU
		{E227C66F-26C8-4F2F-9F5C-333C44BC6220}.Release|Any CPU.Build.0 = Release|Any CPU
		{50EB1C23-3097-46A0-927E-A579447105BE}.Debug|Any CPU.ActiveCfg = Debug|Any CPU
		{50EB1C23-3097-46A0-927E-A579447105BE}.Debug|Any CPU.Build.0 = Debug|Any CPU
		{50EB1C23-3097-46A0-927E-A579447105BE}.Release|Any CPU.ActiveCfg = Release|Any CPU
		{50EB1C23-3097-46A0-927E-A579447105BE}.Release|Any CPU.Build.0 = Release|Any CPU
		{CEB4B60B-3D45-47D5-9A7F-B38A52314D41}.Debug|Any CPU.ActiveCfg = Debug|Any CPU
		{CEB4B60B-3D45-47D5-9A7F-B38A52314D41}.Debug|Any CPU.Build.0 = Debug|Any CPU
		{CEB4B60B-3D45-47D5-9A7F-B38A52314D41}.Release|Any CPU.ActiveCfg = Release|Any CPU
		{CEB4B60B-3D45-47D5-9A7F-B38A52314D41}.Release|Any CPU.Build.0 = Release|Any CPU
		{2DA34762-A194-4B43-8D73-2B886CFB2620}.Debug|Any CPU.ActiveCfg = Debug|Any CPU
		{2DA34762-A194-4B43-8D73-2B886CFB2620}.Debug|Any CPU.Build.0 = Debug|Any CPU
		{2DA34762-A194-4B43-8D73-2B886CFB2620}.Release|Any CPU.ActiveCfg = Release|Any CPU
		{2DA34762-A194-4B43-8D73-2B886CFB2620}.Release|Any CPU.Build.0 = Release|Any CPU
		{4760DDAB-E64D-4571-902D-69F8A28B2BBD}.Debug|Any CPU.ActiveCfg = Debug|Any CPU
		{4760DDAB-E64D-4571-902D-69F8A28B2BBD}.Debug|Any CPU.Build.0 = Debug|Any CPU
		{4760DDAB-E64D-4571-902D-69F8A28B2BBD}.Release|Any CPU.ActiveCfg = Release|Any CPU
		{4760DDAB-E64D-4571-902D-69F8A28B2BBD}.Release|Any CPU.Build.0 = Release|Any CPU
	EndGlobalSection
	GlobalSection(SolutionProperties) = preSolution
		HideSolutionNode = FALSE
	EndGlobalSection
	GlobalSection(ExtensibilityGlobals) = postSolution
		SolutionGuid = {2B72EE9E-EF0D-44AC-987A-F555DCAC3EC1}
	EndGlobalSection
	GlobalSection(NestedProjects) = preSolution
		{E227C66F-26C8-4F2F-9F5C-333C44BC6220} = {289BD606-7E46-415F-A90D-3D9442113729}
		{3D6113A1-56CF-4AAD-98BB-DB7F97B4E809} = {289BD606-7E46-415F-A90D-3D9442113729}
		{E8C4053F-E461-4937-B675-0CD604CB011D} = {8B0FADDD-AC52-42E4-BF2D-2C532622DB75}
		{09788B7E-B53A-47B2-A90B-C3F58039C304} = {8B0FADDD-AC52-42E4-BF2D-2C532622DB75}
		{F4E2CB39-92D5-4D43-8F77-5724AB6889CC} = {8B0FADDD-AC52-42E4-BF2D-2C532622DB75}
		{5264623A-9FF5-421E-81F5-16A7AD3E281B} = {8B0FADDD-AC52-42E4-BF2D-2C532622DB75}
		{B01B900B-7340-4E72-B2D2-9E005177F427} = {8B0FADDD-AC52-42E4-BF2D-2C532622DB75}
		{50EB1C23-3097-46A0-927E-A579447105BE} = {289BD606-7E46-415F-A90D-3D9442113729}
		{CEB4B60B-3D45-47D5-9A7F-B38A52314D41} = {289BD606-7E46-415F-A90D-3D9442113729}
		{2DA34762-A194-4B43-8D73-2B886CFB2620} = {8B0FADDD-AC52-42E4-BF2D-2C532622DB75}
		{4760DDAB-E64D-4571-902D-69F8A28B2BBD} = {289BD606-7E46-415F-A90D-3D9442113729}
	EndGlobalSection
EndGlobal
